# This file is automatically @generated by Poetry 1.6.1 and should not be changed by hand.

[[package]]
name = "absl-py"
version = "2.1.0"
description = "Abseil Python Common Libraries, see https://github.com/abseil/abseil-py."
optional = false
python-versions = ">=3.7"
files = [
    {file = "absl-py-2.1.0.tar.gz", hash = "sha256:7820790efbb316739cde8b4e19357243fc3608a152024288513dd968d7d959ff"},
    {file = "absl_py-2.1.0-py3-none-any.whl", hash = "sha256:526a04eadab8b4ee719ce68f204172ead1027549089702d99b9059f129ff1308"},
]

[[package]]
name = "gurobipy"
version = "11.0.2"
description = "Python interface to Gurobi"
optional = false
python-versions = "*"
files = [
    {file = "gurobipy-11.0.2-cp310-cp310-macosx_10_9_universal2.whl", hash = "sha256:8cb711a7939a21eccbbc67ad8a8753c7e2088c8c0977d2a55c28e8270d3d809d"},
    {file = "gurobipy-11.0.2-cp310-cp310-manylinux2014_aarch64.manylinux_2_17_aarch64.whl", hash = "sha256:0719a99e04e9c0dd1cacc207a944c08283b9944fdc34781c1c4cb47736ae887d"},
    {file = "gurobipy-11.0.2-cp310-cp310-manylinux2014_x86_64.manylinux_2_17_x86_64.whl", hash = "sha256:164e72462c2f1a705fcec73acc060aa639e745827bfe877714ff7b2ccabc5237"},
    {file = "gurobipy-11.0.2-cp310-cp310-win_amd64.whl", hash = "sha256:e8f55baf0d729216214501d1804fdf00666d08b1556c100739c6a4a0664fda32"},
    {file = "gurobipy-11.0.2-cp311-cp311-macosx_10_9_universal2.whl", hash = "sha256:8ce0da6aca97ba9208e490c4d502d42be25dd3b5897c0b710773481c27ae0dae"},
    {file = "gurobipy-11.0.2-cp311-cp311-manylinux2014_aarch64.manylinux_2_17_aarch64.whl", hash = "sha256:871e818026c8f288d7440fcd4b842becdf1006f43495fc4f6e3ec6d9b8ba3d7a"},
    {file = "gurobipy-11.0.2-cp311-cp311-manylinux2014_x86_64.manylinux_2_17_x86_64.whl", hash = "sha256:86265b7a9a8f3e531c1bbee6e61c1e7d0b68264e976795b4cf7aec68b9e66eb8"},
    {file = "gurobipy-11.0.2-cp311-cp311-win_amd64.whl", hash = "sha256:7ba7f42ba747232734e17b92d3ae5a9e9a3743c5a98266650a62d2d57a28ec05"},
    {file = "gurobipy-11.0.2-cp312-cp312-macosx_10_9_universal2.whl", hash = "sha256:1f9278e27d8252a3a8f23ce7d86ea064f7a15ac6cf9d9b475e2e08ca0c764513"},
    {file = "gurobipy-11.0.2-cp312-cp312-manylinux2014_aarch64.manylinux_2_17_aarch64.whl", hash = "sha256:c45511ef28b3a92b32b727d2b518a02a567babcb98f9581147f8f6f4328f5a9d"},
    {file = "gurobipy-11.0.2-cp312-cp312-manylinux2014_x86_64.manylinux_2_17_x86_64.whl", hash = "sha256:8223474cd7cb5f584889638f4252ce9ea8eb6cf5a4290ac0e0a5ee83aba36312"},
    {file = "gurobipy-11.0.2-cp312-cp312-win_amd64.whl", hash = "sha256:dadb47c6e666cebbaf42860918e0160b6311b6f50ed41d456f0393b39c1fe6be"},
    {file = "gurobipy-11.0.2-cp38-cp38-macosx_10_9_x86_64.whl", hash = "sha256:69a1307e23cbd2a43ba132980224f3c055d000bf85cf371e1c2603fa5847e64f"},
    {file = "gurobipy-11.0.2-cp38-cp38-manylinux2014_aarch64.manylinux_2_17_aarch64.whl", hash = "sha256:db65add62cdb564fe42a2f6f8d6a0538c72796c9513b319f4052a112ba135fd7"},
    {file = "gurobipy-11.0.2-cp38-cp38-manylinux2014_x86_64.manylinux_2_17_x86_64.whl", hash = "sha256:1ee7a02cd9ffba6e19e63d5057aa51aec2595a33a842f45c5d1e75eb81408891"},
    {file = "gurobipy-11.0.2-cp38-cp38-win_amd64.whl", hash = "sha256:8847c9ce93cbe835dbfdba0f87d3f3f1ab24326b3c456c8f12fd0fac706ca752"},
    {file = "gurobipy-11.0.2-cp39-cp39-macosx_10_9_universal2.whl", hash = "sha256:3f3b17df755f59dc2429637d7ae80914738776f0a3b86e6fe962239e340a3750"},
    {file = "gurobipy-11.0.2-cp39-cp39-manylinux2014_aarch64.manylinux_2_17_aarch64.whl", hash = "sha256:81b32041d94ac5890ccad67d319cfd555ada91201b85b417c105ca14a66c32ca"},
    {file = "gurobipy-11.0.2-cp39-cp39-manylinux2014_x86_64.manylinux_2_17_x86_64.whl", hash = "sha256:45c3f49c6abcbc0dc849dc4cbccdef0b1076dabf4c6171cb8ab72186c64ae8c3"},
    {file = "gurobipy-11.0.2-cp39-cp39-win_amd64.whl", hash = "sha256:0de0bd4b94579f002e60f59f13fd7fe799914ded483448e4198472be4bbba971"},
]

[package.extras]
matrixapi = ["numpy", "scipy"]

[[package]]
name = "immutabledict"
version = "4.2.0"
description = "Immutable wrapper around dictionaries (a fork of frozendict)"
optional = false
python-versions = ">=3.8,<4.0"
files = [
    {file = "immutabledict-4.2.0-py3-none-any.whl", hash = "sha256:d728b2c2410d698d95e6200237feb50a695584d20289ad3379a439aa3d90baba"},
    {file = "immutabledict-4.2.0.tar.gz", hash = "sha256:e003fd81aad2377a5a758bf7e1086cf3b70b63e9a5cc2f46bce8d0a2b4727c5f"},
]

[[package]]
name = "numpy"
version = "2.0.0"
description = "Fundamental package for array computing in Python"
optional = false
python-versions = ">=3.9"
files = [
    {file = "numpy-2.0.0-cp310-cp310-macosx_10_9_x86_64.whl", hash = "sha256:04494f6ec467ccb5369d1808570ae55f6ed9b5809d7f035059000a37b8d7e86f"},
    {file = "numpy-2.0.0-cp310-cp310-macosx_11_0_arm64.whl", hash = "sha256:2635dbd200c2d6faf2ef9a0d04f0ecc6b13b3cad54f7c67c61155138835515d2"},
    {file = "numpy-2.0.0-cp310-cp310-macosx_14_0_arm64.whl", hash = "sha256:0a43f0974d501842866cc83471bdb0116ba0dffdbaac33ec05e6afed5b615238"},
    {file = "numpy-2.0.0-cp310-cp310-macosx_14_0_x86_64.whl", hash = "sha256:8d83bb187fb647643bd56e1ae43f273c7f4dbcdf94550d7938cfc32566756514"},
    {file = "numpy-2.0.0-cp310-cp310-manylinux_2_17_aarch64.manylinux2014_aarch64.whl", hash = "sha256:79e843d186c8fb1b102bef3e2bc35ef81160ffef3194646a7fdd6a73c6b97196"},
    {file = "numpy-2.0.0-cp310-cp310-manylinux_2_17_x86_64.manylinux2014_x86_64.whl", hash = "sha256:6d7696c615765091cc5093f76fd1fa069870304beaccfd58b5dcc69e55ef49c1"},
    {file = "numpy-2.0.0-cp310-cp310-musllinux_1_1_x86_64.whl", hash = "sha256:b4c76e3d4c56f145d41b7b6751255feefae92edbc9a61e1758a98204200f30fc"},
    {file = "numpy-2.0.0-cp310-cp310-musllinux_1_2_aarch64.whl", hash = "sha256:acd3a644e4807e73b4e1867b769fbf1ce8c5d80e7caaef0d90dcdc640dfc9787"},
    {file = "numpy-2.0.0-cp310-cp310-win32.whl", hash = "sha256:cee6cc0584f71adefe2c908856ccc98702baf95ff80092e4ca46061538a2ba98"},
    {file = "numpy-2.0.0-cp310-cp310-win_amd64.whl", hash = "sha256:ed08d2703b5972ec736451b818c2eb9da80d66c3e84aed1deeb0c345fefe461b"},
    {file = "numpy-2.0.0-cp311-cp311-macosx_10_9_x86_64.whl", hash = "sha256:ad0c86f3455fbd0de6c31a3056eb822fc939f81b1618f10ff3406971893b62a5"},
    {file = "numpy-2.0.0-cp311-cp311-macosx_11_0_arm64.whl", hash = "sha256:e7f387600d424f91576af20518334df3d97bc76a300a755f9a8d6e4f5cadd289"},
    {file = "numpy-2.0.0-cp311-cp311-macosx_14_0_arm64.whl", hash = "sha256:34f003cb88b1ba38cb9a9a4a3161c1604973d7f9d5552c38bc2f04f829536609"},
    {file = "numpy-2.0.0-cp311-cp311-macosx_14_0_x86_64.whl", hash = "sha256:b6f6a8f45d0313db07d6d1d37bd0b112f887e1369758a5419c0370ba915b3871"},
    {file = "numpy-2.0.0-cp311-cp311-manylinux_2_17_aarch64.manylinux2014_aarch64.whl", hash = "sha256:5f64641b42b2429f56ee08b4f427a4d2daf916ec59686061de751a55aafa22e4"},
    {file = "numpy-2.0.0-cp311-cp311-manylinux_2_17_x86_64.manylinux2014_x86_64.whl", hash = "sha256:a7039a136017eaa92c1848152827e1424701532ca8e8967fe480fe1569dae581"},
    {file = "numpy-2.0.0-cp311-cp311-musllinux_1_1_x86_64.whl", hash = "sha256:46e161722e0f619749d1cd892167039015b2c2817296104487cd03ed4a955995"},
    {file = "numpy-2.0.0-cp311-cp311-musllinux_1_2_aarch64.whl", hash = "sha256:0e50842b2295ba8414c8c1d9d957083d5dfe9e16828b37de883f51fc53c4016f"},
    {file = "numpy-2.0.0-cp311-cp311-win32.whl", hash = "sha256:2ce46fd0b8a0c947ae047d222f7136fc4d55538741373107574271bc00e20e8f"},
    {file = "numpy-2.0.0-cp311-cp311-win_amd64.whl", hash = "sha256:fbd6acc766814ea6443628f4e6751d0da6593dae29c08c0b2606164db026970c"},
    {file = "numpy-2.0.0-cp312-cp312-macosx_10_9_x86_64.whl", hash = "sha256:354f373279768fa5a584bac997de6a6c9bc535c482592d7a813bb0c09be6c76f"},
    {file = "numpy-2.0.0-cp312-cp312-macosx_11_0_arm64.whl", hash = "sha256:4d2f62e55a4cd9c58c1d9a1c9edaedcd857a73cb6fda875bf79093f9d9086f85"},
    {file = "numpy-2.0.0-cp312-cp312-macosx_14_0_arm64.whl", hash = "sha256:1e72728e7501a450288fc8e1f9ebc73d90cfd4671ebbd631f3e7857c39bd16f2"},
    {file = "numpy-2.0.0-cp312-cp312-macosx_14_0_x86_64.whl", hash = "sha256:84554fc53daa8f6abf8e8a66e076aff6ece62de68523d9f665f32d2fc50fd66e"},
    {file = "numpy-2.0.0-cp312-cp312-manylinux_2_17_aarch64.manylinux2014_aarch64.whl", hash = "sha256:c73aafd1afca80afecb22718f8700b40ac7cab927b8abab3c3e337d70e10e5a2"},
    {file = "numpy-2.0.0-cp312-cp312-manylinux_2_17_x86_64.manylinux2014_x86_64.whl", hash = "sha256:49d9f7d256fbc804391a7f72d4a617302b1afac1112fac19b6c6cec63fe7fe8a"},
    {file = "numpy-2.0.0-cp312-cp312-musllinux_1_1_x86_64.whl", hash = "sha256:0ec84b9ba0654f3b962802edc91424331f423dcf5d5f926676e0150789cb3d95"},
    {file = "numpy-2.0.0-cp312-cp312-musllinux_1_2_aarch64.whl", hash = "sha256:feff59f27338135776f6d4e2ec7aeeac5d5f7a08a83e80869121ef8164b74af9"},
    {file = "numpy-2.0.0-cp312-cp312-win32.whl", hash = "sha256:c5a59996dc61835133b56a32ebe4ef3740ea5bc19b3983ac60cc32be5a665d54"},
    {file = "numpy-2.0.0-cp312-cp312-win_amd64.whl", hash = "sha256:a356364941fb0593bb899a1076b92dfa2029f6f5b8ba88a14fd0984aaf76d0df"},
    {file = "numpy-2.0.0-cp39-cp39-macosx_10_9_x86_64.whl", hash = "sha256:e61155fae27570692ad1d327e81c6cf27d535a5d7ef97648a17d922224b216de"},
    {file = "numpy-2.0.0-cp39-cp39-macosx_11_0_arm64.whl", hash = "sha256:4554eb96f0fd263041baf16cf0881b3f5dafae7a59b1049acb9540c4d57bc8cb"},
    {file = "numpy-2.0.0-cp39-cp39-macosx_14_0_arm64.whl", hash = "sha256:903703372d46bce88b6920a0cd86c3ad82dae2dbef157b5fc01b70ea1cfc430f"},
    {file = "numpy-2.0.0-cp39-cp39-macosx_14_0_x86_64.whl", hash = "sha256:3e8e01233d57639b2e30966c63d36fcea099d17c53bf424d77f088b0f4babd86"},
    {file = "numpy-2.0.0-cp39-cp39-manylinux_2_17_aarch64.manylinux2014_aarch64.whl", hash = "sha256:1cde1753efe513705a0c6d28f5884e22bdc30438bf0085c5c486cdaff40cd67a"},
    {file = "numpy-2.0.0-cp39-cp39-manylinux_2_17_x86_64.manylinux2014_x86_64.whl", hash = "sha256:821eedb7165ead9eebdb569986968b541f9908979c2da8a4967ecac4439bae3d"},
    {file = "numpy-2.0.0-cp39-cp39-musllinux_1_1_x86_64.whl", hash = "sha256:9a1712c015831da583b21c5bfe15e8684137097969c6d22e8316ba66b5baabe4"},
    {file = "numpy-2.0.0-cp39-cp39-musllinux_1_2_aarch64.whl", hash = "sha256:9c27f0946a3536403efb0e1c28def1ae6730a72cd0d5878db38824855e3afc44"},
    {file = "numpy-2.0.0-cp39-cp39-win32.whl", hash = "sha256:63b92c512d9dbcc37f9d81b123dec99fdb318ba38c8059afc78086fe73820275"},
    {file = "numpy-2.0.0-cp39-cp39-win_amd64.whl", hash = "sha256:3f6bed7f840d44c08ebdb73b1825282b801799e325bcbdfa6bc5c370e5aecc65"},
    {file = "numpy-2.0.0-pp39-pypy39_pp73-macosx_10_9_x86_64.whl", hash = "sha256:9416a5c2e92ace094e9f0082c5fd473502c91651fb896bc17690d6fc475128d6"},
    {file = "numpy-2.0.0-pp39-pypy39_pp73-macosx_14_0_x86_64.whl", hash = "sha256:17067d097ed036636fa79f6a869ac26df7db1ba22039d962422506640314933a"},
    {file = "numpy-2.0.0-pp39-pypy39_pp73-manylinux_2_17_x86_64.manylinux2014_x86_64.whl", hash = "sha256:38ecb5b0582cd125f67a629072fed6f83562d9dd04d7e03256c9829bdec027ad"},
    {file = "numpy-2.0.0-pp39-pypy39_pp73-win_amd64.whl", hash = "sha256:cef04d068f5fb0518a77857953193b6bb94809a806bd0a14983a8f12ada060c9"},
    {file = "numpy-2.0.0.tar.gz", hash = "sha256:cf5d1c9e6837f8af9f92b6bd3e86d513cdc11f60fd62185cc49ec7d1aba34864"},
]

[[package]]
name = "ortools"
version = "9.10.4067"
description = "Google OR-Tools python libraries and modules"
optional = false
python-versions = ">=3.8"
files = [
    {file = "ortools-9.10.4067-cp310-cp310-macosx_10_15_x86_64.whl", hash = "sha256:84ef1309a3e78519aaecd7bdee6af0f35cc0aa94fbd4122da1d43c03af44126d"},
    {file = "ortools-9.10.4067-cp310-cp310-macosx_11_0_arm64.whl", hash = "sha256:24b29cce73fb71e850321e64c16f18dd293d77a1678b3037a3b99bb1cec203cd"},
    {file = "ortools-9.10.4067-cp310-cp310-manylinux_2_17_aarch64.manylinux2014_aarch64.whl", hash = "sha256:887c3e42bac13f4ff1901a3e0e75c8edea4d3e58eb4d9cd01e358e904deabcab"},
    {file = "ortools-9.10.4067-cp310-cp310-manylinux_2_17_x86_64.manylinux2014_x86_64.whl", hash = "sha256:7eff7ea356dde5b55260433a5f64ce198e666e6ab8a3900971d8ff154b6948c3"},
    {file = "ortools-9.10.4067-cp310-cp310-win_amd64.whl", hash = "sha256:945c8ac16d7165e3ca974e6a1758e583cf843c5441cd80b9adb8c5b0a7fe8089"},
    {file = "ortools-9.10.4067-cp311-cp311-macosx_10_15_x86_64.whl", hash = "sha256:37e5344d0f2695aeec756962e434b715977b59aa489f88f96f87582748e7ae32"},
    {file = "ortools-9.10.4067-cp311-cp311-macosx_11_0_arm64.whl", hash = "sha256:9a385302d465ca4683e30e40ad04c276d7d5b3569324e35e965795480ff787d0"},
    {file = "ortools-9.10.4067-cp311-cp311-manylinux_2_17_aarch64.manylinux2014_aarch64.whl", hash = "sha256:56b7cdcbdcabd613cd297c770a56f41ccbfea72ca812a84adf536112a35a648f"},
    {file = "ortools-9.10.4067-cp311-cp311-manylinux_2_17_x86_64.manylinux2014_x86_64.whl", hash = "sha256:c035610952c35cf247ed0ab07b7caa618a37839904196aa6d21d9d5172bb1685"},
    {file = "ortools-9.10.4067-cp311-cp311-win_amd64.whl", hash = "sha256:6bb53096193bd887b92f73de6534e265ae71ff738b47d38efbeb97d584a9dcf7"},
    {file = "ortools-9.10.4067-cp312-cp312-macosx_10_15_x86_64.whl", hash = "sha256:25ec7b23d7aca612ad98e5b2613f1a547e6ae8f39bcef04d93da49b3495f6312"},
    {file = "ortools-9.10.4067-cp312-cp312-macosx_11_0_arm64.whl", hash = "sha256:d21ffff6676ab3f0dc1b50993ddc569537232ef9d91ae94431be565d35e911c5"},
    {file = "ortools-9.10.4067-cp312-cp312-manylinux_2_17_aarch64.manylinux2014_aarch64.whl", hash = "sha256:751399f1122e1cc8e1c1e32d5e4f13add77230aae828a1bdbc5b685942aaa6ec"},
    {file = "ortools-9.10.4067-cp312-cp312-manylinux_2_17_x86_64.manylinux2014_x86_64.whl", hash = "sha256:bdc8980266522e2c203e07fe7c83f286408f475998dd2748531455576a4fcdfd"},
    {file = "ortools-9.10.4067-cp312-cp312-win_amd64.whl", hash = "sha256:ea445366009535bb230339f631bfe2977b56ebf2ff51e75f04d90a4781d6499c"},
    {file = "ortools-9.10.4067-cp38-cp38-macosx_10_15_x86_64.whl", hash = "sha256:eb1a5ab87906d3c7855e932a1a271aca60470a9659833c4bee89ad6da2bc5475"},
    {file = "ortools-9.10.4067-cp38-cp38-macosx_11_0_arm64.whl", hash = "sha256:48c713c7d15b26d608d2ddc2f54c84c37108b4511dadfc763d2e31dd72d480bd"},
    {file = "ortools-9.10.4067-cp38-cp38-manylinux_2_17_aarch64.manylinux2014_aarch64.whl", hash = "sha256:f8e1878f2ab92ae7acc39a0d979af07e21a004482554cf1af03b5da8cc768776"},
    {file = "ortools-9.10.4067-cp38-cp38-manylinux_2_17_x86_64.manylinux2014_x86_64.whl", hash = "sha256:e7683af5047a85babff8351dcc9f99087a4d96dfaaa64ab9e76cd388c76328a8"},
    {file = "ortools-9.10.4067-cp38-cp38-win_amd64.whl", hash = "sha256:1f894ec433a0008072008cf3b6c6bf99fa49e2c3ec8ba35cc35ab77bf81b1ff0"},
    {file = "ortools-9.10.4067-cp39-cp39-macosx_10_15_x86_64.whl", hash = "sha256:2425575668c1179596038edb4afcbbc4dc252351b58b1e09a0abe5dace99cdd5"},
    {file = "ortools-9.10.4067-cp39-cp39-macosx_11_0_arm64.whl", hash = "sha256:1e4e885012d112343fd985fd0d9e2e5d6f3ec94b91cacd73d76b909ba51e8cb2"},
    {file = "ortools-9.10.4067-cp39-cp39-manylinux_2_17_aarch64.manylinux2014_aarch64.whl", hash = "sha256:0e3055ca335b974cd1d25278f58bde246b8421d0b64f9bd07629afec10451ff9"},
    {file = "ortools-9.10.4067-cp39-cp39-manylinux_2_17_x86_64.manylinux2014_x86_64.whl", hash = "sha256:26b28e7f5f31b199f4b58525239f7d34bcfab7f28614e5ea96e953457ebfca43"},
    {file = "ortools-9.10.4067-cp39-cp39-win_amd64.whl", hash = "sha256:7d22d857be3bf48404e132fc835c41b9251182d1ad28dccb06b3b434bbd073e5"},
]

[package.dependencies]
absl-py = ">=2.0.0"
immutabledict = ">=3.0.0"
numpy = ">=1.13.3"
pandas = ">=2.0.0"
protobuf = ">=5.26.1"

[[package]]
name = "pandas"
version = "2.2.2"
description = "Powerful data structures for data analysis, time series, and statistics"
optional = false
python-versions = ">=3.9"
files = [
    {file = "pandas-2.2.2-cp310-cp310-macosx_10_9_x86_64.whl", hash = "sha256:90c6fca2acf139569e74e8781709dccb6fe25940488755716d1d354d6bc58bce"},
    {file = "pandas-2.2.2-cp310-cp310-manylinux_2_17_aarch64.manylinux2014_aarch64.whl", hash = "sha256:4abfe0be0d7221be4f12552995e58723c7422c80a659da13ca382697de830c08"},
    {file = "pandas-2.2.2-cp310-cp310-manylinux_2_17_x86_64.manylinux2014_x86_64.whl", hash = "sha256:8635c16bf3d99040fdf3ca3db669a7250ddf49c55dc4aa8fe0ae0fa8d6dcc1f0"},
    {file = "pandas-2.2.2-cp310-cp310-musllinux_1_1_aarch64.whl", hash = "sha256:40ae1dffb3967a52203105a077415a86044a2bea011b5f321c6aa64b379a3f51"},
    {file = "pandas-2.2.2-cp310-cp310-musllinux_1_1_x86_64.whl", hash = "sha256:8e5a0b00e1e56a842f922e7fae8ae4077aee4af0acb5ae3622bd4b4c30aedf99"},
    {file = "pandas-2.2.2-cp310-cp310-win_amd64.whl", hash = "sha256:ddf818e4e6c7c6f4f7c8a12709696d193976b591cc7dc50588d3d1a6b5dc8772"},
    {file = "pandas-2.2.2-cp311-cp311-macosx_10_9_x86_64.whl", hash = "sha256:696039430f7a562b74fa45f540aca068ea85fa34c244d0deee539cb6d70aa288"},
    {file = "pandas-2.2.2-cp311-cp311-macosx_11_0_arm64.whl", hash = "sha256:8e90497254aacacbc4ea6ae5e7a8cd75629d6ad2b30025a4a8b09aa4faf55151"},
    {file = "pandas-2.2.2-cp311-cp311-manylinux_2_17_aarch64.manylinux2014_aarch64.whl", hash = "sha256:58b84b91b0b9f4bafac2a0ac55002280c094dfc6402402332c0913a59654ab2b"},
    {file = "pandas-2.2.2-cp311-cp311-manylinux_2_17_x86_64.manylinux2014_x86_64.whl", hash = "sha256:6d2123dc9ad6a814bcdea0f099885276b31b24f7edf40f6cdbc0912672e22eee"},
    {file = "pandas-2.2.2-cp311-cp311-musllinux_1_1_aarch64.whl", hash = "sha256:2925720037f06e89af896c70bca73459d7e6a4be96f9de79e2d440bd499fe0db"},
    {file = "pandas-2.2.2-cp311-cp311-musllinux_1_1_x86_64.whl", hash = "sha256:0cace394b6ea70c01ca1595f839cf193df35d1575986e484ad35c4aeae7266c1"},
    {file = "pandas-2.2.2-cp311-cp311-win_amd64.whl", hash = "sha256:873d13d177501a28b2756375d59816c365e42ed8417b41665f346289adc68d24"},
    {file = "pandas-2.2.2-cp312-cp312-macosx_10_9_x86_64.whl", hash = "sha256:9dfde2a0ddef507a631dc9dc4af6a9489d5e2e740e226ad426a05cabfbd7c8ef"},
    {file = "pandas-2.2.2-cp312-cp312-manylinux_2_17_aarch64.manylinux2014_aarch64.whl", hash = "sha256:1cb51fe389360f3b5a4d57dbd2848a5f033350336ca3b340d1c53a1fad33bcad"},
    {file = "pandas-2.2.2-cp312-cp312-manylinux_2_17_x86_64.manylinux2014_x86_64.whl", hash = "sha256:eee3a87076c0756de40b05c5e9a6069c035ba43e8dd71c379e68cab2c20f16ad"},
    {file = "pandas-2.2.2-cp312-cp312-musllinux_1_1_aarch64.whl", hash = "sha256:3e374f59e440d4ab45ca2fffde54b81ac3834cf5ae2cdfa69c90bc03bde04d76"},
    {file = "pandas-2.2.2-cp312-cp312-musllinux_1_1_x86_64.whl", hash = "sha256:43498c0bdb43d55cb162cdc8c06fac328ccb5d2eabe3cadeb3529ae6f0517c32"},
    {file = "pandas-2.2.2-cp312-cp312-win_amd64.whl", hash = "sha256:d187d355ecec3629624fccb01d104da7d7f391db0311145817525281e2804d23"},
    {file = "pandas-2.2.2-cp39-cp39-macosx_10_9_x86_64.whl", hash = "sha256:0ca6377b8fca51815f382bd0b697a0814c8bda55115678cbc94c30aacbb6eff2"},
    {file = "pandas-2.2.2-cp39-cp39-manylinux_2_17_aarch64.manylinux2014_aarch64.whl", hash = "sha256:001910ad31abc7bf06f49dcc903755d2f7f3a9186c0c040b827e522e9cef0863"},
    {file = "pandas-2.2.2-cp39-cp39-manylinux_2_17_x86_64.manylinux2014_x86_64.whl", hash = "sha256:66b479b0bd07204e37583c191535505410daa8df638fd8e75ae1b383851fe921"},
    {file = "pandas-2.2.2-cp39-cp39-musllinux_1_1_aarch64.whl", hash = "sha256:a77e9d1c386196879aa5eb712e77461aaee433e54c68cf253053a73b7e49c33a"},
    {file = "pandas-2.2.2-cp39-cp39-musllinux_1_1_x86_64.whl", hash = "sha256:92fd6b027924a7e178ac202cfbe25e53368db90d56872d20ffae94b96c7acc57"},
    {file = "pandas-2.2.2-cp39-cp39-win_amd64.whl", hash = "sha256:640cef9aa381b60e296db324337a554aeeb883ead99dc8f6c18e81a93942f5f4"},
    {file = "pandas-2.2.2.tar.gz", hash = "sha256:9e79019aba43cb4fda9e4d983f8e88ca0373adbb697ae9c6c43093218de28b54"},
]

[package.dependencies]
numpy = [
    {version = ">=1.22.4", markers = "python_version < \"3.11\""},
    {version = ">=1.23.2", markers = "python_version == \"3.11\""},
    {version = ">=1.26.0", markers = "python_version >= \"3.12\""},
]
python-dateutil = ">=2.8.2"
pytz = ">=2020.1"
tzdata = ">=2022.7"

[package.extras]
all = ["PyQt5 (>=5.15.9)", "SQLAlchemy (>=2.0.0)", "adbc-driver-postgresql (>=0.8.0)", "adbc-driver-sqlite (>=0.8.0)", "beautifulsoup4 (>=4.11.2)", "bottleneck (>=1.3.6)", "dataframe-api-compat (>=0.1.7)", "fastparquet (>=2022.12.0)", "fsspec (>=2022.11.0)", "gcsfs (>=2022.11.0)", "html5lib (>=1.1)", "hypothesis (>=6.46.1)", "jinja2 (>=3.1.2)", "lxml (>=4.9.2)", "matplotlib (>=3.6.3)", "numba (>=0.56.4)", "numexpr (>=2.8.4)", "odfpy (>=1.4.1)", "openpyxl (>=3.1.0)", "pandas-gbq (>=0.19.0)", "psycopg2 (>=2.9.6)", "pyarrow (>=10.0.1)", "pymysql (>=1.0.2)", "pyreadstat (>=1.2.0)", "pytest (>=7.3.2)", "pytest-xdist (>=2.2.0)", "python-calamine (>=0.1.7)", "pyxlsb (>=1.0.10)", "qtpy (>=2.3.0)", "s3fs (>=2022.11.0)", "scipy (>=1.10.0)", "tables (>=3.8.0)", "tabulate (>=0.9.0)", "xarray (>=2022.12.0)", "xlrd (>=2.0.1)", "xlsxwriter (>=3.0.5)", "zstandard (>=0.19.0)"]
aws = ["s3fs (>=2022.11.0)"]
clipboard = ["PyQt5 (>=5.15.9)", "qtpy (>=2.3.0)"]
compression = ["zstandard (>=0.19.0)"]
computation = ["scipy (>=1.10.0)", "xarray (>=2022.12.0)"]
consortium-standard = ["dataframe-api-compat (>=0.1.7)"]
excel = ["odfpy (>=1.4.1)", "openpyxl (>=3.1.0)", "python-calamine (>=0.1.7)", "pyxlsb (>=1.0.10)", "xlrd (>=2.0.1)", "xlsxwriter (>=3.0.5)"]
feather = ["pyarrow (>=10.0.1)"]
fss = ["fsspec (>=2022.11.0)"]
gcp = ["gcsfs (>=2022.11.0)", "pandas-gbq (>=0.19.0)"]
hdf5 = ["tables (>=3.8.0)"]
html = ["beautifulsoup4 (>=4.11.2)", "html5lib (>=1.1)", "lxml (>=4.9.2)"]
mysql = ["SQLAlchemy (>=2.0.0)", "pymysql (>=1.0.2)"]
output-formatting = ["jinja2 (>=3.1.2)", "tabulate (>=0.9.0)"]
parquet = ["pyarrow (>=10.0.1)"]
performance = ["bottleneck (>=1.3.6)", "numba (>=0.56.4)", "numexpr (>=2.8.4)"]
plot = ["matplotlib (>=3.6.3)"]
postgresql = ["SQLAlchemy (>=2.0.0)", "adbc-driver-postgresql (>=0.8.0)", "psycopg2 (>=2.9.6)"]
pyarrow = ["pyarrow (>=10.0.1)"]
spss = ["pyreadstat (>=1.2.0)"]
sql-other = ["SQLAlchemy (>=2.0.0)", "adbc-driver-postgresql (>=0.8.0)", "adbc-driver-sqlite (>=0.8.0)"]
test = ["hypothesis (>=6.46.1)", "pytest (>=7.3.2)", "pytest-xdist (>=2.2.0)"]
xml = ["lxml (>=4.9.2)"]

[[package]]
name = "ply"
version = "3.11"
description = "Python Lex & Yacc"
optional = false
python-versions = "*"
files = [
    {file = "ply-3.11-py2.py3-none-any.whl", hash = "sha256:096f9b8350b65ebd2fd1346b12452efe5b9607f7482813ffca50c22722a807ce"},
    {file = "ply-3.11.tar.gz", hash = "sha256:00c7c1aaa88358b9c765b6d3000c6eec0ba42abca5351b095321aef446081da3"},
]

[[package]]
name = "protobuf"
version = "5.27.1"
description = ""
optional = false
python-versions = ">=3.8"
files = [
    {file = "protobuf-5.27.1-cp310-abi3-win32.whl", hash = "sha256:3adc15ec0ff35c5b2d0992f9345b04a540c1e73bfee3ff1643db43cc1d734333"},
    {file = "protobuf-5.27.1-cp310-abi3-win_amd64.whl", hash = "sha256:25236b69ab4ce1bec413fd4b68a15ef8141794427e0b4dc173e9d5d9dffc3bcd"},
    {file = "protobuf-5.27.1-cp38-abi3-macosx_10_9_universal2.whl", hash = "sha256:4e38fc29d7df32e01a41cf118b5a968b1efd46b9c41ff515234e794011c78b17"},
    {file = "protobuf-5.27.1-cp38-abi3-manylinux2014_aarch64.whl", hash = "sha256:917ed03c3eb8a2d51c3496359f5b53b4e4b7e40edfbdd3d3f34336e0eef6825a"},
    {file = "protobuf-5.27.1-cp38-abi3-manylinux2014_x86_64.whl", hash = "sha256:ee52874a9e69a30271649be88ecbe69d374232e8fd0b4e4b0aaaa87f429f1631"},
    {file = "protobuf-5.27.1-cp38-cp38-win32.whl", hash = "sha256:7a97b9c5aed86b9ca289eb5148df6c208ab5bb6906930590961e08f097258107"},
    {file = "protobuf-5.27.1-cp38-cp38-win_amd64.whl", hash = "sha256:f6abd0f69968792da7460d3c2cfa7d94fd74e1c21df321eb6345b963f9ec3d8d"},
    {file = "protobuf-5.27.1-cp39-cp39-win32.whl", hash = "sha256:dfddb7537f789002cc4eb00752c92e67885badcc7005566f2c5de9d969d3282d"},
    {file = "protobuf-5.27.1-cp39-cp39-win_amd64.whl", hash = "sha256:39309898b912ca6febb0084ea912e976482834f401be35840a008da12d189340"},
    {file = "protobuf-5.27.1-py3-none-any.whl", hash = "sha256:4ac7249a1530a2ed50e24201d6630125ced04b30619262f06224616e0030b6cf"},
    {file = "protobuf-5.27.1.tar.gz", hash = "sha256:df5e5b8e39b7d1c25b186ffdf9f44f40f810bbcc9d2b71d9d3156fee5a9adf15"},
]

[[package]]
name = "pyomo"
version = "6.7.3"
description = "Pyomo: Python Optimization Modeling Objects"
optional = false
python-versions = ">=3.8"
files = [
    {file = "Pyomo-6.7.3-cp310-cp310-macosx_11_0_arm64.whl", hash = "sha256:ab6ad20b7a0ca60d60f187227b0cfd47fccc331e62131dc9af05ba9fecfc5326"},
    {file = "Pyomo-6.7.3-cp310-cp310-manylinux_2_17_aarch64.manylinux2014_aarch64.whl", hash = "sha256:752a8ace32f4c585f00bc52b7285d3cc022cf5007f0a81592205cf71f86cf1b6"},
    {file = "Pyomo-6.7.3-cp310-cp310-manylinux_2_17_x86_64.manylinux2014_x86_64.whl", hash = "sha256:74f1eb8dc89523d88e8894568417f69ffb44c65a57d83797c5917909459da1c7"},
    {file = "Pyomo-6.7.3-cp310-cp310-win_amd64.whl", hash = "sha256:9fa6c4a17735ab25337af4c2b7094ec27a310dd329f6ff84e79ac65de6e61bd7"},
    {file = "Pyomo-6.7.3-cp310-cp310-win_arm64.whl", hash = "sha256:eb475ddec5e10652e89f15987906693fb521bd296029d65fcd969ae27171e45a"},
    {file = "Pyomo-6.7.3-cp311-cp311-macosx_11_0_arm64.whl", hash = "sha256:e1f308ac5838210a530eb89054b4e3e60386773d0e1c06fa914bb23115875638"},
    {file = "Pyomo-6.7.3-cp311-cp311-manylinux_2_17_aarch64.manylinux2014_aarch64.whl", hash = "sha256:997dd24b9f575d67dff3dd4c780591419855b03adb023bd4c417fce858a50aa9"},
    {file = "Pyomo-6.7.3-cp311-cp311-manylinux_2_17_x86_64.manylinux2014_x86_64.whl", hash = "sha256:31a3fdefb0e56842c59b422e0b5278b9bcfd845451f035a753fc683b0a16fe48"},
    {file = "Pyomo-6.7.3-cp311-cp311-win_amd64.whl", hash = "sha256:051fc5c7a1744bf82c13d243158e88e69a63c82832fef4aa73f1e536d4d56a93"},
    {file = "Pyomo-6.7.3-cp311-cp311-win_arm64.whl", hash = "sha256:d872c9f532e013d11a587847129de182efb257effdaf3bec735b631e72537990"},
    {file = "Pyomo-6.7.3-cp312-cp312-macosx_11_0_arm64.whl", hash = "sha256:d2958deb4e084e6b54f511fb64b9e4a1bb35a4e1bd0f4073f047930319b610b3"},
    {file = "Pyomo-6.7.3-cp312-cp312-manylinux_2_17_aarch64.manylinux2014_aarch64.whl", hash = "sha256:953b1ecd46c15e54a0299591b1fbb6331b0df645dfd714c220400d385ba0a106"},
    {file = "Pyomo-6.7.3-cp312-cp312-manylinux_2_17_x86_64.manylinux2014_x86_64.whl", hash = "sha256:17f324fdaec0565efe9e784f0891152393ef705a9e60aaaf6890d7d8f20a5222"},
    {file = "Pyomo-6.7.3-cp312-cp312-win_amd64.whl", hash = "sha256:f333ec0d2341a51d05bbb6bb6c51e3ebd2406ae7379175fb3b6c6ef7ec2771f0"},
    {file = "Pyomo-6.7.3-cp312-cp312-win_arm64.whl", hash = "sha256:201732ad1bab762347d0717d414202dbbab83db8ee3b701f88558722d7890062"},
    {file = "Pyomo-6.7.3-cp38-cp38-macosx_11_0_arm64.whl", hash = "sha256:4c2fad3daef9b474b42f9b883824078870f09190e408bfd2090e886a155c4e1f"},
    {file = "Pyomo-6.7.3-cp38-cp38-manylinux_2_17_aarch64.manylinux2014_aarch64.whl", hash = "sha256:69e5e5ef0c66f2d1ceb7d1c6880e058501e1952d43ecce16f6ac0e6bc788905f"},
    {file = "Pyomo-6.7.3-cp38-cp38-manylinux_2_17_x86_64.manylinux2014_x86_64.whl", hash = "sha256:aa3dd3b7d59df47eb8dfd84e9d6a64c7fc0c89cd68acb98f505069b88f4bfd3f"},
    {file = "Pyomo-6.7.3-cp38-cp38-win_amd64.whl", hash = "sha256:2f20820d603b28ad707931577a1ff14be38ff800fcde03531f9550ffeb507d07"},
    {file = "Pyomo-6.7.3-cp39-cp39-macosx_11_0_arm64.whl", hash = "sha256:5301caa307539240254121830f0ed6e0fd5cff1e5ee8e335b97c2bb8c2f587dc"},
    {file = "Pyomo-6.7.3-cp39-cp39-manylinux_2_17_aarch64.manylinux2014_aarch64.whl", hash = "sha256:19b0286bf7fc8004427214e50fd1a5490844e02f72a9a76d72c2c745b0a73172"},
    {file = "Pyomo-6.7.3-cp39-cp39-manylinux_2_17_x86_64.manylinux2014_x86_64.whl", hash = "sha256:2fda713100336b51e181bbc8c731ca97a129f27fa990a9def05559ade8fe2de7"},
    {file = "Pyomo-6.7.3-cp39-cp39-win_amd64.whl", hash = "sha256:380579299f3b03a9ec4d14fc4f0dd13ab2848f77a88861ae19a95f9e6b496e92"},
    {file = "Pyomo-6.7.3-cp39-cp39-win_arm64.whl", hash = "sha256:b292e95b5b56a8e04c3827f934789869400830a97c12ef756e7a48d5d7016adb"},
    {file = "Pyomo-6.7.3.tar.gz", hash = "sha256:b7f0441c405af4f42f38527ae38826a5c0a4984dd7bea1fe07172789d8594770"},
]

[package.dependencies]
ply = "*"

[package.extras]
docs = ["Sphinx (>4)", "enum-tools", "numpy (<2.0.0)", "scipy", "sphinx-copybutton", "sphinx-jinja2-compat (>=0.1.1)", "sphinx-rtd-theme (>0.5)", "sphinx-toolbox (>=2.16.0)", "sphinxcontrib-jsmath", "sphinxcontrib-napoleon"]
optional = ["casadi", "dill", "ipython", "matplotlib (>=3.6.0,!=3.6.1)", "networkx", "networkx (<3.2)", "numdifftools", "numpy (<2.0.0)", "openpyxl", "pandas", "pint", "plotly", "python-louvain", "pywin32", "pyyaml", "qtconsole", "scipy", "seaborn", "sympy", "xlrd", "z3-solver"]
tests = ["coverage", "parameterized", "pybind11", "pytest", "pytest-parallel"]

[[package]]
name = "pyscipopt"
version = "5.0.0"
description = "Python interface and modeling environment for SCIP"
optional = false
python-versions = ">=3.8"
files = [
    {file = "PySCIPOpt-5.0.0-cp310-cp310-macosx_10_9_x86_64.whl", hash = "sha256:1def73012cdac77597cacbe25747cf406cddb891bf061877dfee30add12f71b7"},
    {file = "PySCIPOpt-5.0.0-cp310-cp310-macosx_11_0_arm64.whl", hash = "sha256:1ab52a742fb27039e11050098be34d3786dfef54e8fedccaa6032c6d3f32e51b"},
    {file = "PySCIPOpt-5.0.0-cp310-cp310-manylinux_2_17_x86_64.manylinux2014_x86_64.whl", hash = "sha256:3413d533ac5c25da0346415f02cd37fe29f32951c6206ae79f198d698eaf84f1"},
    {file = "PySCIPOpt-5.0.0-cp310-cp310-win_amd64.whl", hash = "sha256:6d1fb8ffdf53fb321d5b67ae54f4f73bd0a51356ea0f0eb81cf59086a776c861"},
    {file = "PySCIPOpt-5.0.0-cp311-cp311-macosx_10_9_x86_64.whl", hash = "sha256:3dc35903915efa6f52f02e19dbd2bd4f02789c26f47b95b49787a8004d220195"},
    {file = "PySCIPOpt-5.0.0-cp311-cp311-macosx_11_0_arm64.whl", hash = "sha256:4d8168aa03b672226c262a26e7b6f853415e5dec7e802122bb33aace9f212bff"},
    {file = "PySCIPOpt-5.0.0-cp311-cp311-manylinux_2_17_x86_64.manylinux2014_x86_64.whl", hash = "sha256:d6d7e2afc047168a9ce899b0e6b3c23af819203274dead23f634ce12fe9c8063"},
    {file = "PySCIPOpt-5.0.0-cp311-cp311-win_amd64.whl", hash = "sha256:4c3dd40104fef675f51d9eeac1149489f46a12371033f154846b28386a433321"},
    {file = "PySCIPOpt-5.0.0-cp312-cp312-macosx_10_9_x86_64.whl", hash = "sha256:64a0dfb5a484f8633dc338c65735a7dd9d7f1fedb6230f6ef2ca598bafca05cf"},
    {file = "PySCIPOpt-5.0.0-cp312-cp312-macosx_11_0_arm64.whl", hash = "sha256:b9778c51a3fa8864482926832d467d53124f236f828b5a0146f41bf942a97810"},
    {file = "PySCIPOpt-5.0.0-cp312-cp312-manylinux_2_17_x86_64.manylinux2014_x86_64.whl", hash = "sha256:2d47e3fcc5a07fc80e5d4634fc4b457eba8811fb800d65d37dc2f9d100dfc5ed"},
    {file = "PySCIPOpt-5.0.0-cp312-cp312-win_amd64.whl", hash = "sha256:1d4a1cef18c8b6c267997a3af8ccda44e57d4a15a9bf32583e09cc5d95281b42"},
    {file = "PySCIPOpt-5.0.0-cp38-cp38-macosx_10_9_x86_64.whl", hash = "sha256:f828b149df7c669df5f436f8a85395946f8f3e5622972a3eccad1f394311475f"},
    {file = "PySCIPOpt-5.0.0-cp38-cp38-macosx_11_0_arm64.whl", hash = "sha256:2aadefa1da88aa9cc2ba6b0017df6174deb6f8e1b96a84dd21b9eb10071b7448"},
    {file = "PySCIPOpt-5.0.0-cp38-cp38-manylinux_2_17_x86_64.manylinux2014_x86_64.whl", hash = "sha256:6f0161a2cca850cc09037f696d530b52b84e22156440ac26c40dc3b0abd7a319"},
    {file = "PySCIPOpt-5.0.0-cp38-cp38-win_amd64.whl", hash = "sha256:825c1e862fa3042a8467322dc2c6a32ea8352541fcee4b10a9ef7fcffc2f4639"},
    {file = "PySCIPOpt-5.0.0-cp39-cp39-macosx_10_9_x86_64.whl", hash = "sha256:209ed5b4aeac30b407b9e4c6231bf9009bf6fcd2ff7db40d8ce8b7a71c80cb67"},
    {file = "PySCIPOpt-5.0.0-cp39-cp39-macosx_11_0_arm64.whl", hash = "sha256:307737909ef8dcbc580167d73f1d5f360801ebb73b0e0697459ad5d025c30fad"},
    {file = "PySCIPOpt-5.0.0-cp39-cp39-manylinux_2_17_x86_64.manylinux2014_x86_64.whl", hash = "sha256:44e0baa99daf5b16979e188e140675449d35344cd30ad875f33b7e8ba9422ade"},
    {file = "PySCIPOpt-5.0.0-cp39-cp39-win_amd64.whl", hash = "sha256:ed69598dc1c41c2efcc201f75d407691574b57d199dac82331abb57b3e1b7358"},
    {file = "PySCIPOpt-5.0.0.tar.gz", hash = "sha256:f9c36c941e1373406b00c030f2511578c3fb02a95a2cf5559772deb846a0af47"},
]

[[package]]
name = "python-dateutil"
version = "2.9.0.post0"
description = "Extensions to the standard Python datetime module"
optional = false
python-versions = "!=3.0.*,!=3.1.*,!=3.2.*,>=2.7"
files = [
    {file = "python-dateutil-2.9.0.post0.tar.gz", hash = "sha256:37dd54208da7e1cd875388217d5e00ebd4179249f90fb72437e91a35459a0ad3"},
    {file = "python_dateutil-2.9.0.post0-py2.py3-none-any.whl", hash = "sha256:a8b2bc7bffae282281c8140a97d3aa9c14da0b136dfe83f850eea9a5f7470427"},
]

[package.dependencies]
six = ">=1.5"

[[package]]
name = "pytz"
version = "2024.1"
description = "World timezone definitions, modern and historical"
optional = false
python-versions = "*"
files = [
    {file = "pytz-2024.1-py2.py3-none-any.whl", hash = "sha256:328171f4e3623139da4983451950b28e95ac706e13f3f2630a879749e7a8b319"},
    {file = "pytz-2024.1.tar.gz", hash = "sha256:2a29735ea9c18baf14b448846bde5a48030ed267578472d8955cd0e7443a9812"},
]

[[package]]
name = "six"
version = "1.16.0"
description = "Python 2 and 3 compatibility utilities"
optional = false
python-versions = ">=2.7, !=3.0.*, !=3.1.*, !=3.2.*"
files = [
    {file = "six-1.16.0-py2.py3-none-any.whl", hash = "sha256:8abb2f1d86890a2dfb989f9a77cfcfd3e47c2a354b01111771326f8aa26e0254"},
    {file = "six-1.16.0.tar.gz", hash = "sha256:1e61c37477a1626458e36f7b1d82aa5c9b094fa4802892072e49de9c60c4c926"},
]

[[package]]
name = "tzdata"
version = "2024.1"
description = "Provider of IANA time zone data"
optional = false
python-versions = ">=2"
files = [
    {file = "tzdata-2024.1-py2.py3-none-any.whl", hash = "sha256:9068bc196136463f5245e51efda838afa15aaeca9903f49050dfa2679db4d252"},
    {file = "tzdata-2024.1.tar.gz", hash = "sha256:2674120f8d891909751c38abcdfd386ac0a5a1127954fbc332af6b5ceae07efd"},
]

[metadata]
lock-version = "2.0"
python-versions = "^3.10"
content-hash = "366bc102c8c2f875ebda89db62d4a017de7d7d4504dd3ecd944f4eb0ceaa4f42"
